
Microsoft Visual Studio Solution File, Format Version 12.00
# Visual Studio 2012
Project("{FAE04EC0-301F-11D3-BF4B-00C04F79EFBC}") = "Puntland_Port_Taxation", "Puntland_Port_Taxation\Puntland_Port_Taxation.csproj", "{2A6DB7D1-545E-4FDD-BE97-D914DCB42DF3}"
EndProject
Global
	GlobalSection(TeamFoundationVersionControl) = preSolution
		SccNumberOfProjects = 2
		SccEnterpriseProvider = {4CA58AB2-18FA-4F8D-95D4-32DDF27D184C}
		SccTeamFoundationServer = http://pc-3:8080/tfs/bteem
		SccProjectUniqueName0 = Puntland_Port_Taxation\\Puntland_Port_Taxation.csproj
		SccProjectName0 = Puntland_Port_Taxation
		SccLocalPath0 = Puntland_Port_Taxation
		SccLocalPath1 = .
	EndGlobalSection
	GlobalSection(SolutionConfigurationPlatforms) = preSolution
		Debug|Any CPU = Debug|Any CPU
		Release|Any CPU = Release|Any CPU
	EndGlobalSection
	GlobalSection(ProjectConfigurationPlatforms) = postSolution
		{2A6DB7D1-545E-4FDD-BE97-D914DCB42DF3}.Debug|Any CPU.ActiveCfg = Debug|Any CPU
		{2A6DB7D1-545E-4FDD-BE97-D914DCB42DF3}.Debug|Any CPU.Build.0 = Debug|Any CPU
		{2A6DB7D1-545E-4FDD-BE97-D914DCB42DF3}.Release|Any CPU.ActiveCfg = Release|Any CPU
		{2A6DB7D1-545E-4FDD-BE97-D914DCB42DF3}.Release|Any CPU.Build.0 = Release|Any CPU
	EndGlobalSection
	GlobalSection(SolutionProperties) = preSolution
		HideSolutionNode = FALSE
	EndGlobalSection
EndGlobal
